// !$*UTF8*$!
{
	archiveVersion = 1;
	classes = {
	};
	objectVersion = 46;
	objects = {

/* Begin PBXBuildFile section */
		BAF38E781A09C95700D85451 /* Foundation.framework in Frameworks */ = {isa = PBXBuildFile; fileRef = BAF38E771A09C95700D85451 /* Foundation.framework */; };
		BAF38E7A1A09C95700D85451 /* CoreGraphics.framework in Frameworks */ = {isa = PBXBuildFile; fileRef = BAF38E791A09C95700D85451 /* CoreGraphics.framework */; };
		BAF38E7C1A09C95700D85451 /* UIKit.framework in Frameworks */ = {isa = PBXBuildFile; fileRef = BAF38E7B1A09C95700D85451 /* UIKit.framework */; };
		BAF38E821A09C95700D85451 /* InfoPlist.strings in Resources */ = {isa = PBXBuildFile; fileRef = BAF38E801A09C95700D85451 /* InfoPlist.strings */; };
		BAF38E841A09C95700D85451 /* main.m in Sources */ = {isa = PBXBuildFile; fileRef = BAF38E831A09C95700D85451 /* main.m */; };
		BAF38E881A09C95700D85451 /* ADAppDelegate.m in Sources */ = {isa = PBXBuildFile; fileRef = BAF38E871A09C95700D85451 /* ADAppDelegate.m */; };
		BAF38E8B1A09C95700D85451 /* Main.storyboard in Resources */ = {isa = PBXBuildFile; fileRef = BAF38E891A09C95700D85451 /* Main.storyboard */; };
		BAF38E8E1A09C95700D85451 /* ADViewController.m in Sources */ = {isa = PBXBuildFile; fileRef = BAF38E8D1A09C95700D85451 /* ADViewController.m */; };
		BAF38E901A09C95700D85451 /* Images.xcassets in Resources */ = {isa = PBXBuildFile; fileRef = BAF38E8F1A09C95700D85451 /* Images.xcassets */; };
		BAF38E971A09C95700D85451 /* XCTest.framework in Frameworks */ = {isa = PBXBuildFile; fileRef = BAF38E961A09C95700D85451 /* XCTest.framework */; };
		BAF38E981A09C95700D85451 /* Foundation.framework in Frameworks */ = {isa = PBXBuildFile; fileRef = BAF38E771A09C95700D85451 /* Foundation.framework */; };
		BAF38E991A09C95700D85451 /* UIKit.framework in Frameworks */ = {isa = PBXBuildFile; fileRef = BAF38E7B1A09C95700D85451 /* UIKit.framework */; };
		BAF38EA11A09C95700D85451 /* InfoPlist.strings in Resources */ = {isa = PBXBuildFile; fileRef = BAF38E9F1A09C95700D85451 /* InfoPlist.strings */; };
		BAF38EA31A09C95700D85451 /* OverdueTests.m in Sources */ = {isa = PBXBuildFile; fileRef = BAF38EA21A09C95700D85451 /* OverdueTests.m */; };
		BAF38EAE1A09C9C800D85451 /* ADAddTaskViewController.m in Sources */ = {isa = PBXBuildFile; fileRef = BAF38EAD1A09C9C800D85451 /* ADAddTaskViewController.m */; };
		BAF38EB11A09C9D900D85451 /* ADDetailTaskViewController.m in Sources */ = {isa = PBXBuildFile; fileRef = BAF38EB01A09C9D900D85451 /* ADDetailTaskViewController.m */; };
		BAF38EB41A09C9E500D85451 /* ADEditTaskViewController.m in Sources */ = {isa = PBXBuildFile; fileRef = BAF38EB31A09C9E500D85451 /* ADEditTaskViewController.m */; };
/* End PBXBuildFile section */

/* Begin PBXContainerItemProxy section */
		BAF38E9A1A09C95700D85451 /* PBXContainerItemProxy */ = {
			isa = PBXContainerItemProxy;
			containerPortal = BAF38E6C1A09C95700D85451 /* Project object */;
			proxyType = 1;
			remoteGlobalIDString = BAF38E731A09C95700D85451;
			remoteInfo = Overdue;
		};
/* End PBXContainerItemProxy section */

/* Begin PBXFileReference section */
		BAF38E741A09C95700D85451 /* Overdue.app */ = {isa = PBXFileReference; explicitFileType = wrapper.application; includeInIndex = 0; path = Overdue.app; sourceTree = BUILT_PRODUCTS_DIR; };
		BAF38E771A09C95700D85451 /* Foundation.framework */ = {isa = PBXFileReference; lastKnownFileType = wrapper.framework; name = Foundation.framework; path = System/Library/Frameworks/Foundation.framework; sourceTree = SDKROOT; };
		BAF38E791A09C95700D85451 /* CoreGraphics.framework */ = {isa = PBXFileReference; lastKnownFileType = wrapper.framework; name = CoreGraphics.framework; path = System/Library/Frameworks/CoreGraphics.framework; sourceTree = SDKROOT; };
		BAF38E7B1A09C95700D85451 /* UIKit.framework */ = {isa = PBXFileReference; lastKnownFileType = wrapper.framework; name = UIKit.framework; path = System/Library/Frameworks/UIKit.framework; sourceTree = SDKROOT; };
		BAF38E7F1A09C95700D85451 /* Overdue-Info.plist */ = {isa = PBXFileReference; lastKnownFileType = text.plist.xml; path = "Overdue-Info.plist"; sourceTree = "<group>"; };
		BAF38E811A09C95700D85451 /* en */ = {isa = PBXFileReference; lastKnownFileType = text.plist.strings; name = en; path = en.lproj/InfoPlist.strings; sourceTree = "<group>"; };
		BAF38E831A09C95700D85451 /* main.m */ = {isa = PBXFileReference; lastKnownFileType = sourcecode.c.objc; path = main.m; sourceTree = "<group>"; };
		BAF38E851A09C95700D85451 /* Overdue-Prefix.pch */ = {isa = PBXFileReference; lastKnownFileType = sourcecode.c.h; path = "Overdue-Prefix.pch"; sourceTree = "<group>"; };
		BAF38E861A09C95700D85451 /* ADAppDelegate.h */ = {isa = PBXFileReference; lastKnownFileType = sourcecode.c.h; path = ADAppDelegate.h; sourceTree = "<group>"; };
		BAF38E871A09C95700D85451 /* ADAppDelegate.m */ = {isa = PBXFileReference; lastKnownFileType = sourcecode.c.objc; path = ADAppDelegate.m; sourceTree = "<group>"; };
		BAF38E8A1A09C95700D85451 /* Base */ = {isa = PBXFileReference; lastKnownFileType = file.storyboard; name = Base; path = Base.lproj/Main.storyboard; sourceTree = "<group>"; };
		BAF38E8C1A09C95700D85451 /* ADViewController.h */ = {isa = PBXFileReference; lastKnownFileType = sourcecode.c.h; path = ADViewController.h; sourceTree = "<group>"; };
		BAF38E8D1A09C95700D85451 /* ADViewController.m */ = {isa = PBXFileReference; lastKnownFileType = sourcecode.c.objc; path = ADViewController.m; sourceTree = "<group>"; };
		BAF38E8F1A09C95700D85451 /* Images.xcassets */ = {isa = PBXFileReference; lastKnownFileType = folder.assetcatalog; path = Images.xcassets; sourceTree = "<group>"; };
		BAF38E951A09C95700D85451 /* OverdueTests.xctest */ = {isa = PBXFileReference; explicitFileType = wrapper.cfbundle; includeInIndex = 0; path = OverdueTests.xctest; sourceTree = BUILT_PRODUCTS_DIR; };
		BAF38E961A09C95700D85451 /* XCTest.framework */ = {isa = PBXFileReference; lastKnownFileType = wrapper.framework; name = XCTest.framework; path = Library/Frameworks/XCTest.framework; sourceTree = DEVELOPER_DIR; };
		BAF38E9E1A09C95700D85451 /* OverdueTests-Info.plist */ = {isa = PBXFileReference; lastKnownFileType = text.plist.xml; path = "OverdueTests-Info.plist"; sourceTree = "<group>"; };
		BAF38EA01A09C95700D85451 /* en */ = {isa = PBXFileReference; lastKnownFileType = text.plist.strings; name = en; path = en.lproj/InfoPlist.strings; sourceTree = "<group>"; };
		BAF38EA21A09C95700D85451 /* OverdueTests.m */ = {isa = PBXFileReference; lastKnownFileType = sourcecode.c.objc; path = OverdueTests.m; sourceTree = "<group>"; };
		BAF38EAC1A09C9C800D85451 /* ADAddTaskViewController.h */ = {isa = PBXFileReference; fileEncoding = 4; lastKnownFileType = sourcecode.c.h; path = ADAddTaskViewController.h; sourceTree = "<group>"; };
		BAF38EAD1A09C9C800D85451 /* ADAddTaskViewController.m */ = {isa = PBXFileReference; fileEncoding = 4; lastKnownFileType = sourcecode.c.objc; path = ADAddTaskViewController.m; sourceTree = "<group>"; };
		BAF38EAF1A09C9D900D85451 /* ADDetailTaskViewController.h */ = {isa = PBXFileReference; fileEncoding = 4; lastKnownFileType = sourcecode.c.h; path = ADDetailTaskViewController.h; sourceTree = "<group>"; };
		BAF38EB01A09C9D900D85451 /* ADDetailTaskViewController.m */ = {isa = PBXFileReference; fileEncoding = 4; lastKnownFileType = sourcecode.c.objc; path = ADDetailTaskViewController.m; sourceTree = "<group>"; };
		BAF38EB21A09C9E500D85451 /* ADEditTaskViewController.h */ = {isa = PBXFileReference; fileEncoding = 4; lastKnownFileType = sourcecode.c.h; path = ADEditTaskViewController.h; sourceTree = "<group>"; };
		BAF38EB31A09C9E500D85451 /* ADEditTaskViewController.m */ = {isa = PBXFileReference; fileEncoding = 4; lastKnownFileType = sourcecode.c.objc; path = ADEditTaskViewController.m; sourceTree = "<group>"; };
/* End PBXFileReference section */

/* Begin PBXFrameworksBuildPhase section */
		BAF38E711A09C95700D85451 /* Frameworks */ = {
			isa = PBXFrameworksBuildPhase;
			buildActionMask = 2147483647;
			files = (
				BAF38E7A1A09C95700D85451 /* CoreGraphics.framework in Frameworks */,
				BAF38E7C1A09C95700D85451 /* UIKit.framework in Frameworks */,
				BAF38E781A09C95700D85451 /* Foundation.framework in Frameworks */,
			);
			runOnlyForDeploymentPostprocessing = 0;
		};
		BAF38E921A09C95700D85451 /* Frameworks */ = {
			isa = PBXFrameworksBuildPhase;
			buildActionMask = 2147483647;
			files = (
				BAF38E971A09C95700D85451 /* XCTest.framework in Frameworks */,
				BAF38E991A09C95700D85451 /* UIKit.framework in Frameworks */,
				BAF38E981A09C95700D85451 /* Foundation.framework in Frameworks */,
			);
			runOnlyForDeploymentPostprocessing = 0;
		};
/* End PBXFrameworksBuildPhase section */

/* Begin PBXGroup section */
		BAF38E6B1A09C95700D85451 = {
			isa = PBXGroup;
			children = (
				BAF38E7D1A09C95700D85451 /* Overdue */,
				BAF38E9C1A09C95700D85451 /* OverdueTests */,
				BAF38E761A09C95700D85451 /* Frameworks */,
				BAF38E751A09C95700D85451 /* Products */,
			);
			sourceTree = "<group>";
		};
		BAF38E751A09C95700D85451 /* Products */ = {
			isa = PBXGroup;
			children = (
				BAF38E741A09C95700D85451 /* Overdue.app */,
				BAF38E951A09C95700D85451 /* OverdueTests.xctest */,
			);
			name = Products;
			sourceTree = "<group>";
		};
		BAF38E761A09C95700D85451 /* Frameworks */ = {
			isa = PBXGroup;
			children = (
				BAF38E771A09C95700D85451 /* Foundation.framework */,
				BAF38E791A09C95700D85451 /* CoreGraphics.framework */,
				BAF38E7B1A09C95700D85451 /* UIKit.framework */,
				BAF38E961A09C95700D85451 /* XCTest.framework */,
			);
			name = Frameworks;
			sourceTree = "<group>";
		};
		BAF38E7D1A09C95700D85451 /* Overdue */ = {
			isa = PBXGroup;
			children = (
				BAF38E861A09C95700D85451 /* ADAppDelegate.h */,
				BAF38E871A09C95700D85451 /* ADAppDelegate.m */,
				BAF38E891A09C95700D85451 /* Main.storyboard */,
				BAF38E8C1A09C95700D85451 /* ADViewController.h */,
				BAF38E8D1A09C95700D85451 /* ADViewController.m */,
				BAF38EAC1A09C9C800D85451 /* ADAddTaskViewController.h */,
				BAF38EAD1A09C9C800D85451 /* ADAddTaskViewController.m */,
				BAF38EAF1A09C9D900D85451 /* ADDetailTaskViewController.h */,
				BAF38EB01A09C9D900D85451 /* ADDetailTaskViewController.m */,
				BAF38EB21A09C9E500D85451 /* ADEditTaskViewController.h */,
				BAF38EB31A09C9E500D85451 /* ADEditTaskViewController.m */,
				BAF38E8F1A09C95700D85451 /* Images.xcassets */,
				BAF38E7E1A09C95700D85451 /* Supporting Files */,
			);
			path = Overdue;
			sourceTree = "<group>";
		};
		BAF38E7E1A09C95700D85451 /* Supporting Files */ = {
			isa = PBXGroup;
			children = (
				BAF38E7F1A09C95700D85451 /* Overdue-Info.plist */,
				BAF38E801A09C95700D85451 /* InfoPlist.strings */,
				BAF38E831A09C95700D85451 /* main.m */,
				BAF38E851A09C95700D85451 /* Overdue-Prefix.pch */,
			);
			name = "Supporting Files";
			sourceTree = "<group>";
		};
		BAF38E9C1A09C95700D85451 /* OverdueTests */ = {
			isa = PBXGroup;
			children = (
				BAF38EA21A09C95700D85451 /* OverdueTests.m */,
				BAF38E9D1A09C95700D85451 /* Supporting Files */,
			);
			path = OverdueTests;
			sourceTree = "<group>";
		};
		BAF38E9D1A09C95700D85451 /* Supporting Files */ = {
			isa = PBXGroup;
			children = (
				BAF38E9E1A09C95700D85451 /* OverdueTests-Info.plist */,
				BAF38E9F1A09C95700D85451 /* InfoPlist.strings */,
			);
			name = "Supporting Files";
			sourceTree = "<group>";
		};
/* End PBXGroup section */

/* Begin PBXNativeTarget section */
		BAF38E731A09C95700D85451 /* Overdue */ = {
			isa = PBXNativeTarget;
			buildConfigurationList = BAF38EA61A09C95700D85451 /* Build configuration list for PBXNativeTarget "Overdue" */;
			buildPhases = (
				BAF38E701A09C95700D85451 /* Sources */,
				BAF38E711A09C95700D85451 /* Frameworks */,
				BAF38E721A09C95700D85451 /* Resources */,
			);
			buildRules = (
			);
			dependencies = (
			);
			name = Overdue;
			productName = Overdue;
			productReference = BAF38E741A09C95700D85451 /* Overdue.app */;
			productType = "com.apple.product-type.application";
		};
		BAF38E941A09C95700D85451 /* OverdueTests */ = {
			isa = PBXNativeTarget;
			buildConfigurationList = BAF38EA91A09C95700D85451 /* Build configuration list for PBXNativeTarget "OverdueTests" */;
			buildPhases = (
				BAF38E911A09C95700D85451 /* Sources */,
				BAF38E921A09C95700D85451 /* Frameworks */,
				BAF38E931A09C95700D85451 /* Resources */,
			);
			buildRules = (
			);
			dependencies = (
				BAF38E9B1A09C95700D85451 /* PBXTargetDependency */,
			);
			name = OverdueTests;
			productName = OverdueTests;
			productReference = BAF38E951A09C95700D85451 /* OverdueTests.xctest */;
			productType = "com.apple.product-type.bundle.unit-test";
		};
/* End PBXNativeTarget section */

/* Begin PBXProject section */
		BAF38E6C1A09C95700D85451 /* Project object */ = {
			isa = PBXProject;
			attributes = {
				CLASSPREFIX = AD;
				LastUpgradeCheck = 0510;
				ORGANIZATIONNAME = Dodd.mx;
				TargetAttributes = {
					BAF38E941A09C95700D85451 = {
						TestTargetID = BAF38E731A09C95700D85451;
					};
				};
			};
			buildConfigurationList = BAF38E6F1A09C95700D85451 /* Build configuration list for PBXProject "Overdue" */;
			compatibilityVersion = "Xcode 3.2";
			developmentRegion = English;
			hasScannedForEncodings = 0;
			knownRegions = (
				en,
				Base,
			);
			mainGroup = BAF38E6B1A09C95700D85451;
			productRefGroup = BAF38E751A09C95700D85451 /* Products */;
			projectDirPath = "";
			projectRoot = "";
			targets = (
				BAF38E731A09C95700D85451 /* Overdue */,
				BAF38E941A09C95700D85451 /* OverdueTests */,
			);
		};
/* End PBXProject section */

/* Begin PBXResourcesBuildPhase section */
		BAF38E721A09C95700D85451 /* Resources */ = {
			isa = PBXResourcesBuildPhase;
			buildActionMask = 2147483647;
			files = (
				BAF38E901A09C95700D85451 /* Images.xcassets in Resources */,
				BAF38E821A09C95700D85451 /* InfoPlist.strings in Resources */,
				BAF38E8B1A09C95700D85451 /* Main.storyboard in Resources */,
			);
			runOnlyForDeploymentPostprocessing = 0;
		};
		BAF38E931A09C95700D85451 /* Resources */ = {
			isa = PBXResourcesBuildPhase;
			buildActionMask = 2147483647;
			files = (
				BAF38EA11A09C95700D85451 /* InfoPlist.strings in Resources */,
			);
			runOnlyForDeploymentPostprocessing = 0;
		};
/* End PBXResourcesBuildPhase section */

/* Begin PBXSourcesBuildPhase section */
		BAF38E701A09C95700D85451 /* Sources */ = {
			isa = PBXSourcesBuildPhase;
			buildActionMask = 2147483647;
			files = (
				BAF38EAE1A09C9C800D85451 /* ADAddTaskViewController.m in Sources */,
				BAF38E841A09C95700D85451 /* main.m in Sources */,
				BAF38E8E1A09C95700D85451 /* ADViewController.m in Sources */,
				BAF38E881A09C95700D85451 /* ADAppDelegate.m in Sources */,
				BAF38EB41A09C9E500D85451 /* ADEditTaskViewController.m in Sources */,
				BAF38EB11A09C9D900D85451 /* ADDetailTaskViewController.m in Sources */,
			);
			runOnlyForDeploymentPostprocessing = 0;
		};
		BAF38E911A09C95700D85451 /* Sources */ = {
			isa = PBXSourcesBuildPhase;
			buildActionMask = 2147483647;
			files = (
				BAF38EA31A09C95700D85451 /* OverdueTests.m in Sources */,
			);
			runOnlyForDeploymentPostprocessing = 0;
		};
/* End PBXSourcesBuildPhase section */

/* Begin PBXTargetDependency section */
		BAF38E9B1A09C95700D85451 /* PBXTargetDependency */ = {
			isa = PBXTargetDependency;
			target = BAF38E731A09C95700D85451 /* Overdue */;
			targetProxy = BAF38E9A1A09C95700D85451 /* PBXContainerItemProxy */;
		};
/* End PBXTargetDependency section */

/* Begin PBXVariantGroup section */
		BAF38E801A09C95700D85451 /* InfoPlist.strings */ = {
			isa = PBXVariantGroup;
			children = (
				BAF38E811A09C95700D85451 /* en */,
			);
			name = InfoPlist.strings;
			sourceTree = "<group>";
		};
		BAF38E891A09C95700D85451 /* Main.storyboard */ = {
			isa = PBXVariantGroup;
			children = (
				BAF38E8A1A09C95700D85451 /* Base */,
			);
			name = Main.storyboard;
			sourceTree = "<group>";
		};
		BAF38E9F1A09C95700D85451 /* InfoPlist.strings */ = {
			isa = PBXVariantGroup;
			children = (
				BAF38EA01A09C95700D85451 /* en */,
			);
			name = InfoPlist.strings;
			sourceTree = "<group>";
		};
/* End PBXVariantGroup section */

/* Begin XCBuildConfiguration section */
		BAF38EA41A09C95700D85451 /* Debug */ = {
			isa = XCBuildConfiguration;
			buildSettings = {
				ALWAYS_SEARCH_USER_PATHS = NO;
				CLANG_CXX_LANGUAGE_STANDARD = "gnu++0x";
				CLANG_CXX_LIBRARY = "libc++";
				CLANG_ENABLE_MODULES = YES;
				CLANG_ENABLE_OBJC_ARC = YES;
				CLANG_WARN_BOOL_CONVERSION = YES;
				CLANG_WARN_CONSTANT_CONVERSION = YES;
				CLANG_WARN_DIRECT_OBJC_ISA_USAGE = YES_ERROR;
				CLANG_WARN_EMPTY_BODY = YES;
				CLANG_WARN_ENUM_CONVERSION = YES;
				CLANG_WARN_INT_CONVERSION = YES;
				CLANG_WARN_OBJC_ROOT_CLASS = YES_ERROR;
				CLANG_WARN__DUPLICATE_METHOD_MATCH = YES;
				"CODE_SIGN_IDENTITY[sdk=iphoneos*]" = "iPhone Developer";
				COPY_PHASE_STRIP = NO;
				GCC_C_LANGUAGE_STANDARD = gnu99;
				GCC_DYNAMIC_NO_PIC = NO;
				GCC_OPTIMIZATION_LEVEL = 0;
				GCC_PREPROCESSOR_DEFINITIONS = (
					"DEBUG=1",
					"$(inherited)",
				);
				GCC_SYMBOLS_PRIVATE_EXTERN = NO;
				GCC_WARN_64_TO_32_BIT_CONVERSION = YES;
				GCC_WARN_ABOUT_RETURN_TYPE = YES_ERROR;
				GCC_WARN_UNDECLARED_SELECTOR = YES;
				GCC_WARN_UNINITIALIZED_AUTOS = YES_AGGRESSIVE;
				GCC_WARN_UNUSED_FUNCTION = YES;
				GCC_WARN_UNUSED_VARIABLE = YES;
				IPHONEOS_DEPLOYMENT_TARGET = 7.1;
				ONLY_ACTIVE_ARCH = YES;
				SDKROOT = iphoneos;
			};
			name = Debug;
		};
		BAF38EA51A09C95700D85451 /* Release */ = {
			isa = XCBuildConfiguration;
			buildSettings = {
				ALWAYS_SEARCH_USER_PATHS = NO;
				CLANG_CXX_LANGUAGE_STANDARD = "gnu++0x";
				CLANG_CXX_LIBRARY = "libc++";
				CLANG_ENABLE_MODULES = YES;
				CLANG_ENABLE_OBJC_ARC = YES;
				CLANG_WARN_BOOL_CONVERSION = YES;
				CLANG_WARN_CONSTANT_CONVERSION = YES;
				CLANG_WARN_DIRECT_OBJC_ISA_USAGE = YES_ERROR;
				CLANG_WARN_EMPTY_BODY = YES;
				CLANG_WARN_ENUM_CONVERSION = YES;
				CLANG_WARN_INT_CONVERSION = YES;
				CLANG_WARN_OBJC_ROOT_CLASS = YES_ERROR;
				CLANG_WARN__DUPLICATE_METHOD_MATCH = YES;
				"CODE_SIGN_IDENTITY[sdk=iphoneos*]" = "iPhone Developer";
				COPY_PHASE_STRIP = YES;
				ENABLE_NS_ASSERTIONS = NO;
				GCC_C_LANGUAGE_STANDARD = gnu99;
				GCC_WARN_64_TO_32_BIT_CONVERSION = YES;
				GCC_WARN_ABOUT_RETURN_TYPE = YES_ERROR;
				GCC_WARN_UNDECLARED_SELECTOR = YES;
				GCC_WARN_UNINITIALIZED_AUTOS = YES_AGGRESSIVE;
				GCC_WARN_UNUSED_FUNCTION = YES;
				GCC_WARN_UNUSED_VARIABLE = YES;
				IPHONEOS_DEPLOYMENT_TARGET = 7.1;
				SDKROOT = iphoneos;
				VALIDATE_PRODUCT = YES;
			};
			name = Release;
		};
		BAF38EA71A09C95700D85451 /* Debug */ = {
			isa = XCBuildConfiguration;
			buildSettings = {
				ASSETCATALOG_COMPILER_APPICON_NAME = AppIcon;
				ASSETCATALOG_COMPILER_LAUNCHIMAGE_NAME = LaunchImage;
				GCC_PRECOMPILE_PREFIX_HEADER = YES;
				GCC_PREFIX_HEADER = "Overdue/Overdue-Prefix.pch";
				INFOPLIST_FILE = "Overdue/Overdue-Info.plist";
				PRODUCT_NAME = "$(TARGET_NAME)";
				WRAPPER_EXTENSION = app;
			};
			name = Debug;
		};
		BAF38EA81A09C95700D85451 /* Release */ = {
			isa = XCBuildConfiguration;
			buildSettings = {
				ASSETCATALOG_COMPILER_APPICON_NAME = AppIcon;
				ASSETCATALOG_COMPILER_LAUNCHIMAGE_NAME = LaunchImage;
				GCC_PRECOMPILE_PREFIX_HEADER = YES;
				GCC_PREFIX_HEADER = "Overdue/Overdue-Prefix.pch";
				INFOPLIST_FILE = "Overdue/Overdue-Info.plist";
				PRODUCT_NAME = "$(TARGET_NAME)";
				WRAPPER_EXTENSION = app;
			};
			name = Release;
		};
		BAF38EAA1A09C95700D85451 /* Debug */ = {
			isa = XCBuildConfiguration;
			buildSettings = {
				BUNDLE_LOADER = "$(BUILT_PRODUCTS_DIR)/Overdue.app/Overdue";
				FRAMEWORK_SEARCH_PATHS = (
					"$(SDKROOT)/Developer/Library/Frameworks",
					"$(inherited)",
					"$(DEVELOPER_FRAMEWORKS_DIR)",
				);
				GCC_PRECOMPILE_PREFIX_HEADER = YES;
				GCC_PREFIX_HEADER = "Overdue/Overdue-Prefix.pch";
				GCC_PREPROCESSOR_DEFINITIONS = (
					"DEBUG=1",
					"$(inherited)",
				);
				INFOPLIST_FILE = "OverdueTests/OverdueTests-Info.plist";
				PRODUCT_NAME = "$(TARGET_NAME)";
				TEST_HOST = "$(BUNDLE_LOADER)";
				WRAPPER_EXTENSION = xctest;
			};
			name = Debug;
		};
		BAF38EAB1A09C95700D85451 /* Release */ = {
			isa = XCBuildConfiguration;
			buildSettings = {
				BUNDLE_LOADER = "$(BUILT_PRODUCTS_DIR)/Overdue.app/Overdue";
				FRAMEWORK_SEARCH_PATHS = (
					"$(SDKROOT)/Developer/Library/Frameworks",
					"$(inherited)",
					"$(DEVELOPER_FRAMEWORKS_DIR)",
				);
				GCC_PRECOMPILE_PREFIX_HEADER = YES;
				GCC_PREFIX_HEADER = "Overdue/Overdue-Prefix.pch";
				INFOPLIST_FILE = "OverdueTests/OverdueTests-Info.plist";
				PRODUCT_NAME = "$(TARGET_NAME)";
				TEST_HOST = "$(BUNDLE_LOADER)";
				WRAPPER_EXTENSION = xctest;
			};
			name = Release;
		};
/* End XCBuildConfiguration section */

/* Begin XCConfigurationList section */
		BAF38E6F1A09C95700D85451 /* Build configuration list for PBXProject "Overdue" */ = {
			isa = XCConfigurationList;
			buildConfigurations = (
				BAF38EA41A09C95700D85451 /* Debug */,
				BAF38EA51A09C95700D85451 /* Release */,
			);
			defaultConfigurationIsVisible = 0;
			defaultConfigurationName = Release;
		};
		BAF38EA61A09C95700D85451 /* Build configuration list for PBXNativeTarget "Overdue" */ = {
			isa = XCConfigurationList;
			buildConfigurations = (
				BAF38EA71A09C95700D85451 /* Debug */,
				BAF38EA81A09C95700D85451 /* Release */,
			);
			defaultConfigurationIsVisible = 0;
		};
		BAF38EA91A09C95700D85451 /* Build configuration list for PBXNativeTarget "OverdueTests" */ = {
			isa = XCConfigurationList;
			buildConfigurations = (
				BAF38EAA1A09C95700D85451 /* Debug */,
				BAF38EAB1A09C95700D85451 /* Release */,
			);
			defaultConfigurationIsVisible = 0;
		};
/* End XCConfigurationList section */
	};
	rootObject = BAF38E6C1A09C95700D85451 /* Project object */;
}
